
Microsoft Visual Studio Solution File, Format Version 12.00
# Visual Studio 15
VisualStudioVersion = 15.0.28010.2003
MinimumVisualStudioVersion = 10.0.40219.1
Project("{8BC9CEB8-8B4A-11D0-8D11-00A0C91BC942}") = "CppPrototype", "CppPrototype\CppPrototype.vcxproj", "{A9A8D049-39B7-4EF4-B05F-F9367377B9C6}"
EndProject
Project("{FAE04EC0-301F-11D3-BF4B-00C04F79EFBC}") = "ThinkPadScrollHelper", "ThinkPadScrollHelper\ThinkPadScrollHelper.csproj", "{B6A0D852-4587-4AEE-8477-BF4F60947457}"
EndProject
Project("{FAE04EC0-301F-11D3-BF4B-00C04F79EFBC}") = "ExampleProcess", "ExampleProcess\ExampleProcess.csproj", "{B6142E70-58E1-4364-88BF-F4510A0C70BB}"
EndProject
Project("{FAE04EC0-301F-11D3-BF4B-00C04F79EFBC}") = "UwpSample", "UwpSample\UwpSample.csproj", "{F30B5DAF-9B9E-46BD-A5C5-085761151926}"
EndProject
Project("{FAE04EC0-301F-11D3-BF4B-00C04F79EFBC}") = "WpfSample", "WpfSample\WpfSample.csproj", "{C53E2251-FFB3-4E4C-80BC-941C2E316297}"
EndProject
Project("{FAE04EC0-301F-11D3-BF4B-00C04F79EFBC}") = "DesktopSample", "DesktopSample\DesktopSample.csproj", "{C60A1E3C-5C66-4CEF-ADB8-05EC97A9C89F}"
EndProject
Global
	GlobalSection(SolutionConfigurationPlatforms) = preSolution
		Debug|Any CPU = Debug|Any CPU
		Debug|ARM = Debug|ARM
		Debug|x64 = Debug|x64
		Debug|x86 = Debug|x86
		Release|Any CPU = Release|Any CPU
		Release|ARM = Release|ARM
		Release|x64 = Release|x64
		Release|x86 = Release|x86
	EndGlobalSection
	GlobalSection(ProjectConfigurationPlatforms) = postSolution
		{A9A8D049-39B7-4EF4-B05F-F9367377B9C6}.Debug|Any CPU.ActiveCfg = Debug|Win32
		{A9A8D049-39B7-4EF4-B05F-F9367377B9C6}.Debug|ARM.ActiveCfg = Debug|Win32
		{A9A8D049-39B7-4EF4-B05F-F9367377B9C6}.Debug|x64.ActiveCfg = Debug|x64
		{A9A8D049-39B7-4EF4-B05F-F9367377B9C6}.Debug|x64.Build.0 = Debug|x64
		{A9A8D049-39B7-4EF4-B05F-F9367377B9C6}.Debug|x86.ActiveCfg = Debug|Win32
		{A9A8D049-39B7-4EF4-B05F-F9367377B9C6}.Debug|x86.Build.0 = Debug|Win32
		{A9A8D049-39B7-4EF4-B05F-F9367377B9C6}.Release|Any CPU.ActiveCfg = Release|Win32
		{A9A8D049-39B7-4EF4-B05F-F9367377B9C6}.Release|ARM.ActiveCfg = Release|Win32
		{A9A8D049-39B7-4EF4-B05F-F9367377B9C6}.Release|x64.ActiveCfg = Release|x64
		{A9A8D049-39B7-4EF4-B05F-F9367377B9C6}.Release|x64.Build.0 = Release|x64
		{A9A8D049-39B7-4EF4-B05F-F9367377B9C6}.Release|x86.ActiveCfg = Release|Win32
		{A9A8D049-39B7-4EF4-B05F-F9367377B9C6}.Release|x86.Build.0 = Release|Win32
		{B6A0D852-4587-4AEE-8477-BF4F60947457}.Debug|Any CPU.ActiveCfg = Debug|Any CPU
		{B6A0D852-4587-4AEE-8477-BF4F60947457}.Debug|Any CPU.Build.0 = Debug|Any CPU
		{B6A0D852-4587-4AEE-8477-BF4F60947457}.Debug|ARM.ActiveCfg = Debug|Any CPU
		{B6A0D852-4587-4AEE-8477-BF4F60947457}.Debug|ARM.Build.0 = Debug|Any CPU
		{B6A0D852-4587-4AEE-8477-BF4F60947457}.Debug|x64.ActiveCfg = Debug|Any CPU
		{B6A0D852-4587-4AEE-8477-BF4F60947457}.Debug|x64.Build.0 = Debug|Any CPU
		{B6A0D852-4587-4AEE-8477-BF4F60947457}.Debug|x86.ActiveCfg = Debug|Any CPU
		{B6A0D852-4587-4AEE-8477-BF4F60947457}.Debug|x86.Build.0 = Debug|Any CPU
		{B6A0D852-4587-4AEE-8477-BF4F60947457}.Release|Any CPU.ActiveCfg = Release|Any CPU
		{B6A0D852-4587-4AEE-8477-BF4F60947457}.Release|Any CPU.Build.0 = Release|Any CPU
		{B6A0D852-4587-4AEE-8477-BF4F60947457}.Release|ARM.ActiveCfg = Release|Any CPU
		{B6A0D852-4587-4AEE-8477-BF4F60947457}.Release|ARM.Build.0 = Release|Any CPU
		{B6A0D852-4587-4AEE-8477-BF4F60947457}.Release|x64.ActiveCfg = Release|Any CPU
		{B6A0D852-4587-4AEE-8477-BF4F60947457}.Release|x64.Build.0 = Release|Any CPU
		{B6A0D852-4587-4AEE-8477-BF4F60947457}.Release|x86.ActiveCfg = Release|Any CPU
		{B6A0D852-4587-4AEE-8477-BF4F60947457}.Release|x86.Build.0 = Release|Any CPU
		{B6142E70-58E1-4364-88BF-F4510A0C70BB}.Debug|Any CPU.ActiveCfg = Debug|Any CPU
		{B6142E70-58E1-4364-88BF-F4510A0C70BB}.Debug|Any CPU.Build.0 = Debug|Any CPU
		{B6142E70-58E1-4364-88BF-F4510A0C70BB}.Debug|ARM.ActiveCfg = Debug|Any CPU
		{B6142E70-58E1-4364-88BF-F4510A0C70BB}.Debug|ARM.Build.0 = Debug|Any CPU
		{B6142E70-58E1-4364-88BF-F4510A0C70BB}.Debug|x64.ActiveCfg = Debug|Any CPU
		{B6142E70-58E1-4364-88BF-F4510A0C70BB}.Debug|x64.Build.0 = Debug|Any CPU
		{B6142E70-58E1-4364-88BF-F4510A0C70BB}.Debug|x86.ActiveCfg = Debug|Any CPU
		{B6142E70-58E1-4364-88BF-F4510A0C70BB}.Debug|x86.Build.0 = Debug|Any CPU
		{B6142E70-58E1-4364-88BF-F4510A0C70BB}.Release|Any CPU.ActiveCfg = Release|Any CPU
		{B6142E70-58E1-4364-88BF-F4510A0C70BB}.Release|Any CPU.Build.0 = Release|Any CPU
		{B6142E70-58E1-4364-88BF-F4510A0C70BB}.Release|ARM.ActiveCfg = Release|Any CPU
		{B6142E70-58E1-4364-88BF-F4510A0C70BB}.Release|ARM.Build.0 = Release|Any CPU
		{B6142E70-58E1-4364-88BF-F4510A0C70BB}.Release|x64.ActiveCfg = Release|Any CPU
		{B6142E70-58E1-4364-88BF-F4510A0C70BB}.Release|x64.Build.0 = Release|Any CPU
		{B6142E70-58E1-4364-88BF-F4510A0C70BB}.Release|x86.ActiveCfg = Release|Any CPU
		{B6142E70-58E1-4364-88BF-F4510A0C70BB}.Release|x86.Build.0 = Release|Any CPU
		{F30B5DAF-9B9E-46BD-A5C5-085761151926}.Debug|Any CPU.ActiveCfg = Debug|x86
		{F30B5DAF-9B9E-46BD-A5C5-085761151926}.Debug|ARM.ActiveCfg = Debug|ARM
		{F30B5DAF-9B9E-46BD-A5C5-085761151926}.Debug|ARM.Build.0 = Debug|ARM
		{F30B5DAF-9B9E-46BD-A5C5-085761151926}.Debug|ARM.Deploy.0 = Debug|ARM
		{F30B5DAF-9B9E-46BD-A5C5-085761151926}.Debug|x64.ActiveCfg = Debug|x64
		{F30B5DAF-9B9E-46BD-A5C5-085761151926}.Debug|x64.Build.0 = Debug|x64
		{F30B5DAF-9B9E-46BD-A5C5-085761151926}.Debug|x64.Deploy.0 = Debug|x64
		{F30B5DAF-9B9E-46BD-A5C5-085761151926}.Debug|x86.ActiveCfg = Debug|x86
		{F30B5DAF-9B9E-46BD-A5C5-085761151926}.Debug|x86.Build.0 = Debug|x86
		{F30B5DAF-9B9E-46BD-A5C5-085761151926}.Debug|x86.Deploy.0 = Debug|x86
		{F30B5DAF-9B9E-46BD-A5C5-085761151926}.Release|Any CPU.ActiveCfg = Release|x86
		{F30B5DAF-9B9E-46BD-A5C5-085761151926}.Release|ARM.ActiveCfg = Release|ARM
		{F30B5DAF-9B9E-46BD-A5C5-085761151926}.Release|ARM.Build.0 = Release|ARM
		{F30B5DAF-9B9E-46BD-A5C5-085761151926}.Release|ARM.Deploy.0 = Release|ARM
		{F30B5DAF-9B9E-46BD-A5C5-085761151926}.Release|x64.ActiveCfg = Release|x64
		{F30B5DAF-9B9E-46BD-A5C5-085761151926}.Release|x64.Build.0 = Release|x64
		{F30B5DAF-9B9E-46BD-A5C5-085761151926}.Release|x64.Deploy.0 = Release|x64
		{F30B5DAF-9B9E-46BD-A5C5-085761151926}.Release|x86.ActiveCfg = Release|x86
		{F30B5DAF-9B9E-46BD-A5C5-085761151926}.Release|x86.Build.0 = Release|x86
		{F30B5DAF-9B9E-46BD-A5C5-085761151926}.Release|x86.Deploy.0 = Release|x86
		{C53E2251-FFB3-4E4C-80BC-941C2E316297}.Debug|Any CPU.ActiveCfg = Debug|Any CPU
		{C53E2251-FFB3-4E4C-80BC-941C2E316297}.Debug|Any CPU.Build.0 = Debug|Any CPU
		{C53E2251-FFB3-4E4C-80BC-941C2E316297}.Debug|ARM.ActiveCfg = Debug|Any CPU
		{C53E2251-FFB3-4E4C-80BC-941C2E316297}.Debug|ARM.Build.0 = Debug|Any CPU
		{C53E2251-FFB3-4E4C-80BC-941C2E316297}.Debug|x64.ActiveCfg = Debug|Any CPU
		{C53E2251-FFB3-4E4C-80BC-941C2E316297}.Debug|x64.Build.0 = Debug|Any CPU
		{C53E2251-FFB3-4E4C-80BC-941C2E316297}.Debug|x86.ActiveCfg = Debug|Any CPU
		{C53E2251-FFB3-4E4C-80BC-941C2E316297}.Debug|x86.Build.0 = Debug|Any CPU
		{C53E2251-FFB3-4E4C-80BC-941C2E316297}.Release|Any CPU.ActiveCfg = Release|Any CPU
		{C53E2251-FFB3-4E4C-80BC-941C2E316297}.Release|Any CPU.Build.0 = Release|Any CPU
		{C53E2251-FFB3-4E4C-80BC-941C2E316297}.Release|ARM.ActiveCfg = Release|Any CPU
		{C53E2251-FFB3-4E4C-80BC-941C2E316297}.Release|ARM.Build.0 = Release|Any CPU
		{C53E2251-FFB3-4E4C-80BC-941C2E316297}.Release|x64.ActiveCfg = Release|Any CPU
		{C53E2251-FFB3-4E4C-80BC-941C2E316297}.Release|x64.Build.0 = Release|Any CPU
		{C53E2251-FFB3-4E4C-80BC-941C2E316297}.Release|x86.ActiveCfg = Release|Any CPU
		{C53E2251-FFB3-4E4C-80BC-941C2E316297}.Release|x86.Build.0 = Release|Any CPU
		{C60A1E3C-5C66-4CEF-ADB8-05EC97A9C89F}.Debug|Any CPU.ActiveCfg = Debug|Any CPU
		{C60A1E3C-5C66-4CEF-ADB8-05EC97A9C89F}.Debug|Any CPU.Build.0 = Debug|Any CPU
		{C60A1E3C-5C66-4CEF-ADB8-05EC97A9C89F}.Debug|ARM.ActiveCfg = Debug|Any CPU
		{C60A1E3C-5C66-4CEF-ADB8-05EC97A9C89F}.Debug|ARM.Build.0 = Debug|Any CPU
		{C60A1E3C-5C66-4CEF-ADB8-05EC97A9C89F}.Debug|x64.ActiveCfg = Debug|Any CPU
		{C60A1E3C-5C66-4CEF-ADB8-05EC97A9C89F}.Debug|x64.Build.0 = Debug|Any CPU
		{C60A1E3C-5C66-4CEF-ADB8-05EC97A9C89F}.Debug|x86.ActiveCfg = Debug|Any CPU
		{C60A1E3C-5C66-4CEF-ADB8-05EC97A9C89F}.Debug|x86.Build.0 = Debug|Any CPU
		{C60A1E3C-5C66-4CEF-ADB8-05EC97A9C89F}.Release|Any CPU.ActiveCfg = Release|Any CPU
		{C60A1E3C-5C66-4CEF-ADB8-05EC97A9C89F}.Release|Any CPU.Build.0 = Release|Any CPU
		{C60A1E3C-5C66-4CEF-ADB8-05EC97A9C89F}.Release|ARM.ActiveCfg = Release|Any CPU
		{C60A1E3C-5C66-4CEF-ADB8-05EC97A9C89F}.Release|ARM.Build.0 = Release|Any CPU
		{C60A1E3C-5C66-4CEF-ADB8-05EC97A9C89F}.Release|x64.ActiveCfg = Release|Any CPU
		{C60A1E3C-5C66-4CEF-ADB8-05EC97A9C89F}.Release|x64.Build.0 = Release|Any CPU
		{C60A1E3C-5C66-4CEF-ADB8-05EC97A9C89F}.Release|x86.ActiveCfg = Release|Any CPU
		{C60A1E3C-5C66-4CEF-ADB8-05EC97A9C89F}.Release|x86.Build.0 = Release|Any CPU
	EndGlobalSection
	GlobalSection(SolutionProperties) = preSolution
		HideSolutionNode = FALSE
	EndGlobalSection
	GlobalSection(ExtensibilityGlobals) = postSolution
		SolutionGuid = {AF8F36CD-9B3B-4D93-96D6-6DB847AD8801}
	EndGlobalSection
EndGlobal
